
Microsoft Visual Studio Solution File, Format Version 12.00
# Visual Studio 15
Project("{FAE04EC0-301F-11D3-BF4B-00C04F79EFBC}") = "SwipeLeft.Android", "SwipeLeft.Android\SwipeLeft.Android.csproj", "{B928F7DD-DCD9-4961-9C50-E66479B743A0}"
EndProject
Project("{FAE04EC0-301F-11D3-BF4B-00C04F79EFBC}") = "SwipeLeft.iOS", "SwipeLeft.iOS\SwipeLeft.iOS.csproj", "{D943D59E-0573-498F-BC69-C134E8300ED5}"
EndProject
Project("{FAE04EC0-301F-11D3-BF4B-00C04F79EFBC}") = "SwipeLeft", "SwipeLeft\SwipeLeft.csproj", "{52872E7A-C515-411F-B174-3FC3538D6782}"
EndProject
Global
	GlobalSection(SolutionConfigurationPlatforms) = preSolution
		Debug|Any CPU = Debug|Any CPU
		Release|Any CPU = Release|Any CPU
		Debug|iPhoneSimulator = Debug|iPhoneSimulator
		Release|iPhoneSimulator = Release|iPhoneSimulator
		Debug|iPhone = Debug|iPhone
		Release|iPhone = Release|iPhone
	EndGlobalSection
	GlobalSection(ProjectConfigurationPlatforms) = postSolution
		{B928F7DD-DCD9-4961-9C50-E66479B743A0}.Debug|Any CPU.ActiveCfg = Debug|Any CPU
		{B928F7DD-DCD9-4961-9C50-E66479B743A0}.Debug|Any CPU.Build.0 = Debug|Any CPU
		{B928F7DD-DCD9-4961-9C50-E66479B743A0}.Release|Any CPU.ActiveCfg = Release|Any CPU
		{B928F7DD-DCD9-4961-9C50-E66479B743A0}.Release|Any CPU.Build.0 = Release|Any CPU
		{B928F7DD-DCD9-4961-9C50-E66479B743A0}.Debug|iPhoneSimulator.ActiveCfg = Debug|Any CPU
		{B928F7DD-DCD9-4961-9C50-E66479B743A0}.Debug|iPhoneSimulator.Build.0 = Debug|Any CPU
		{B928F7DD-DCD9-4961-9C50-E66479B743A0}.Release|iPhoneSimulator.ActiveCfg = Release|Any CPU
		{B928F7DD-DCD9-4961-9C50-E66479B743A0}.Release|iPhoneSimulator.Build.0 = Release|Any CPU
		{B928F7DD-DCD9-4961-9C50-E66479B743A0}.Debug|iPhone.ActiveCfg = Debug|Any CPU
		{B928F7DD-DCD9-4961-9C50-E66479B743A0}.Debug|iPhone.Build.0 = Debug|Any CPU
		{B928F7DD-DCD9-4961-9C50-E66479B743A0}.Release|iPhone.ActiveCfg = Release|Any CPU
		{B928F7DD-DCD9-4961-9C50-E66479B743A0}.Release|iPhone.Build.0 = Release|Any CPU
		{D943D59E-0573-498F-BC69-C134E8300ED5}.Debug|Any CPU.ActiveCfg = Debug|iPhoneSimulator
		{D943D59E-0573-498F-BC69-C134E8300ED5}.Debug|Any CPU.Build.0 = Debug|iPhoneSimulator
		{D943D59E-0573-498F-BC69-C134E8300ED5}.Release|Any CPU.ActiveCfg = Release|iPhoneSimulator
		{D943D59E-0573-498F-BC69-C134E8300ED5}.Release|Any CPU.Build.0 = Release|iPhoneSimulator
		{D943D59E-0573-498F-BC69-C134E8300ED5}.Debug|iPhoneSimulator.ActiveCfg = Debug|iPhoneSimulator
		{D943D59E-0573-498F-BC69-C134E8300ED5}.Debug|iPhoneSimulator.Build.0 = Debug|iPhoneSimulator
		{D943D59E-0573-498F-BC69-C134E8300ED5}.Release|iPhoneSimulator.ActiveCfg = Release|iPhoneSimulator
		{D943D59E-0573-498F-BC69-C134E8300ED5}.Release|iPhoneSimulator.Build.0 = Release|iPhoneSimulator
		{D943D59E-0573-498F-BC69-C134E8300ED5}.Debug|iPhone.ActiveCfg = Debug|iPhone
		{D943D59E-0573-498F-BC69-C134E8300ED5}.Debug|iPhone.Build.0 = Debug|iPhone
		{D943D59E-0573-498F-BC69-C134E8300ED5}.Release|iPhone.ActiveCfg = Release|iPhone
		{D943D59E-0573-498F-BC69-C134E8300ED5}.Release|iPhone.Build.0 = Release|iPhone
		{52872E7A-C515-411F-B174-3FC3538D6782}.Debug|Any CPU.ActiveCfg = Debug|Any CPU
		{52872E7A-C515-411F-B174-3FC3538D6782}.Debug|Any CPU.Build.0 = Debug|Any CPU
		{52872E7A-C515-411F-B174-3FC3538D6782}.Release|Any CPU.ActiveCfg = Release|Any CPU
		{52872E7A-C515-411F-B174-3FC3538D6782}.Release|Any CPU.Build.0 = Release|Any CPU
		{52872E7A-C515-411F-B174-3FC3538D6782}.Debug|iPhoneSimulator.ActiveCfg = Debug|Any CPU
		{52872E7A-C515-411F-B174-3FC3538D6782}.Debug|iPhoneSimulator.Build.0 = Debug|Any CPU
		{52872E7A-C515-411F-B174-3FC3538D6782}.Release|iPhoneSimulator.ActiveCfg = Release|Any CPU
		{52872E7A-C515-411F-B174-3FC3538D6782}.Release|iPhoneSimulator.Build.0 = Release|Any CPU
		{52872E7A-C515-411F-B174-3FC3538D6782}.Debug|iPhone.ActiveCfg = Debug|Any CPU
		{52872E7A-C515-411F-B174-3FC3538D6782}.Debug|iPhone.Build.0 = Debug|Any CPU
		{52872E7A-C515-411F-B174-3FC3538D6782}.Release|iPhone.ActiveCfg = Release|Any CPU
		{52872E7A-C515-411F-B174-3FC3538D6782}.Release|iPhone.Build.0 = Release|Any CPU
	EndGlobalSection
EndGlobal
